// !$*UTF8*$!
{
	archiveVersion = 1;
	classes = {
	};
	objectVersion = 77;
	objects = {

/* Begin PBXBuildFile section */
		1803D96C2D93A9FB00041374 /* WatchAppleSwiftUITutorials Watch App.app in Embed Watch Content */ = {isa = PBXBuildFile; fileRef = 1803D95F2D93A9F800041374 /* WatchAppleSwiftUITutorials Watch App.app */; settings = {ATTRIBUTES = (RemoveHeadersOnCopy, ); }; };
/* End PBXBuildFile section */

/* Begin PBXContainerItemProxy section */
		1803D96A2D93A9FB00041374 /* PBXContainerItemProxy */ = {
			isa = PBXContainerItemProxy;
			containerPortal = 18D3A5292D8D8F9000C0810E /* Project object */;
			proxyType = 1;
			remoteGlobalIDString = 1803D95E2D93A9F800041374;
			remoteInfo = "WatchAppleSwiftUITutorials Watch App";
		};
/* End PBXContainerItemProxy section */

/* Begin PBXCopyFilesBuildPhase section */
		1803D96D2D93A9FB00041374 /* Embed Watch Content */ = {
			isa = PBXCopyFilesBuildPhase;
			buildActionMask = 2147483647;
			dstPath = "$(CONTENTS_FOLDER_PATH)/Watch";
			dstSubfolderSpec = 16;
			files = (
				1803D96C2D93A9FB00041374 /* WatchAppleSwiftUITutorials Watch App.app in Embed Watch Content */,
			);
			name = "Embed Watch Content";
			runOnlyForDeploymentPostprocessing = 0;
		};
/* End PBXCopyFilesBuildPhase section */

/* Begin PBXFileReference section */
		1803D95F2D93A9F800041374 /* WatchAppleSwiftUITutorials Watch App.app */ = {isa = PBXFileReference; explicitFileType = wrapper.application; includeInIndex = 0; path = "WatchAppleSwiftUITutorials Watch App.app"; sourceTree = BUILT_PRODUCTS_DIR; };
		1803D98D2D93F29E00041374 /* MacAppleSwiftUITutorials.app */ = {isa = PBXFileReference; explicitFileType = wrapper.application; includeInIndex = 0; path = MacAppleSwiftUITutorials.app; sourceTree = BUILT_PRODUCTS_DIR; };
		18D3A5312D8D8F9000C0810E /* AppleSwiftUITutorials.app */ = {isa = PBXFileReference; explicitFileType = wrapper.application; includeInIndex = 0; path = AppleSwiftUITutorials.app; sourceTree = BUILT_PRODUCTS_DIR; };
/* End PBXFileReference section */

/* Begin PBXFileSystemSynchronizedBuildFileExceptionSet section */
		1803D97D2D93AB5500041374 /* Exceptions for "AppleSwiftUITutorials" folder in "WatchAppleSwiftUITutorials Watch App" target */ = {
			isa = PBXFileSystemSynchronizedBuildFileExceptionSet;
			membershipExceptions = (
				AppleSwiftUITutorialsApp.swift,
				Assets.xcassets,
				Model/Hike.swift,
				Model/Landmark.swift,
				Model/ModelData.swift,
				Model/Profile.swift,
				Resources/hikeData.json,
				Resources/landmarkData.json,
				Views/Helper/CircleImage.swift,
				Views/Helper/MapView.swift,
				Views/Landmarks/LandmarkRow.swift,
			);
			target = 1803D95E2D93A9F800041374 /* WatchAppleSwiftUITutorials Watch App */;
		};
		1803D9882D93EF0D00041374 /* Exceptions for "WatchAppleSwiftUITutorials Watch App" folder in "WatchAppleSwiftUITutorials Watch App" target */ = {
			isa = PBXFileSystemSynchronizedBuildFileExceptionSet;
			membershipExceptions = (
				PushNotificationPayload.apns,
			);
			target = 1803D95E2D93A9F800041374 /* WatchAppleSwiftUITutorials Watch App */;
		};
		1803D9A92D93F37D00041374 /* Exceptions for "AppleSwiftUITutorials" folder in "MacAppleSwiftUITutorials" target */ = {
			isa = PBXFileSystemSynchronizedBuildFileExceptionSet;
			membershipExceptions = (
				AppleSwiftUITutorialsApp.swift,
				Assets.xcassets,
				Model/Hike.swift,
				Model/Landmark.swift,
				Model/ModelData.swift,
				Model/Profile.swift,
				Resources/hikeData.json,
				Resources/landmarkData.json,
				Views/Helper/CircleImage.swift,
				Views/Helper/FavoriteButton.swift,
				Views/Helper/MapView.swift,
				Views/Landmarks/LandmarkList.swift,
				Views/Landmarks/LandmarkRow.swift,
			);
			target = 1803D98C2D93F29E00041374 /* MacAppleSwiftUITutorials */;
		};
		1803D9B32D94050500041374 /* Exceptions for "MacAppleSwiftUITutorials" folder in "AppleSwiftUITutorials" target */ = {
			isa = PBXFileSystemSynchronizedBuildFileExceptionSet;
			membershipExceptions = (
				LandmarkCommands.swift,
			);
			target = 18D3A5302D8D8F9000C0810E /* AppleSwiftUITutorials */;
		};
/* End PBXFileSystemSynchronizedBuildFileExceptionSet section */

/* Begin PBXFileSystemSynchronizedRootGroup section */
		1803D9602D93A9F800041374 /* WatchAppleSwiftUITutorials Watch App */ = {
			isa = PBXFileSystemSynchronizedRootGroup;
			exceptions = (
				1803D9882D93EF0D00041374 /* Exceptions for "WatchAppleSwiftUITutorials Watch App" folder in "WatchAppleSwiftUITutorials Watch App" target */,
			);
			path = "WatchAppleSwiftUITutorials Watch App";
			sourceTree = "<group>";
		};
		1803D98E2D93F29E00041374 /* MacAppleSwiftUITutorials */ = {
			isa = PBXFileSystemSynchronizedRootGroup;
			exceptions = (
				1803D9B32D94050500041374 /* Exceptions for "MacAppleSwiftUITutorials" folder in "AppleSwiftUITutorials" target */,
			);
			path = MacAppleSwiftUITutorials;
			sourceTree = "<group>";
		};
		18D3A5332D8D8F9000C0810E /* AppleSwiftUITutorials */ = {
			isa = PBXFileSystemSynchronizedRootGroup;
			exceptions = (
				1803D97D2D93AB5500041374 /* Exceptions for "AppleSwiftUITutorials" folder in "WatchAppleSwiftUITutorials Watch App" target */,
				1803D9A92D93F37D00041374 /* Exceptions for "AppleSwiftUITutorials" folder in "MacAppleSwiftUITutorials" target */,
			);
			path = AppleSwiftUITutorials;
			sourceTree = "<group>";
		};
/* End PBXFileSystemSynchronizedRootGroup section */

/* Begin PBXFrameworksBuildPhase section */
		1803D95C2D93A9F800041374 /* Frameworks */ = {
			isa = PBXFrameworksBuildPhase;
			buildActionMask = 2147483647;
			files = (
			);
			runOnlyForDeploymentPostprocessing = 0;
		};
		1803D98A2D93F29E00041374 /* Frameworks */ = {
			isa = PBXFrameworksBuildPhase;
			buildActionMask = 2147483647;
			files = (
			);
			runOnlyForDeploymentPostprocessing = 0;
		};
		18D3A52E2D8D8F9000C0810E /* Frameworks */ = {
			isa = PBXFrameworksBuildPhase;
			buildActionMask = 2147483647;
			files = (
			);
			runOnlyForDeploymentPostprocessing = 0;
		};
/* End PBXFrameworksBuildPhase section */

/* Begin PBXGroup section */
		18D3A5282D8D8F9000C0810E = {
			isa = PBXGroup;
			children = (
				18D3A5332D8D8F9000C0810E /* AppleSwiftUITutorials */,
				1803D9602D93A9F800041374 /* WatchAppleSwiftUITutorials Watch App */,
				1803D98E2D93F29E00041374 /* MacAppleSwiftUITutorials */,
				18D3A5322D8D8F9000C0810E /* Products */,
			);
			sourceTree = "<group>";
		};
		18D3A5322D8D8F9000C0810E /* Products */ = {
			isa = PBXGroup;
			children = (
				18D3A5312D8D8F9000C0810E /* AppleSwiftUITutorials.app */,
				1803D95F2D93A9F800041374 /* WatchAppleSwiftUITutorials Watch App.app */,
				1803D98D2D93F29E00041374 /* MacAppleSwiftUITutorials.app */,
			);
			name = Products;
			sourceTree = "<group>";
		};
/* End PBXGroup section */

/* Begin PBXNativeTarget section */
		1803D95E2D93A9F800041374 /* WatchAppleSwiftUITutorials Watch App */ = {
			isa = PBXNativeTarget;
			buildConfigurationList = 1803D9702D93A9FB00041374 /* Build configuration list for PBXNativeTarget "WatchAppleSwiftUITutorials Watch App" */;
			buildPhases = (
				1803D95B2D93A9F800041374 /* Sources */,
				1803D95C2D93A9F800041374 /* Frameworks */,
				1803D95D2D93A9F800041374 /* Resources */,
			);
			buildRules = (
			);
			dependencies = (
			);
			fileSystemSynchronizedGroups = (
				1803D9602D93A9F800041374 /* WatchAppleSwiftUITutorials Watch App */,
			);
			name = "WatchAppleSwiftUITutorials Watch App";
			packageProductDependencies = (
			);
			productName = "WatchAppleSwiftUITutorials Watch App";
			productReference = 1803D95F2D93A9F800041374 /* WatchAppleSwiftUITutorials Watch App.app */;
			productType = "com.apple.product-type.application";
		};
		1803D98C2D93F29E00041374 /* MacAppleSwiftUITutorials */ = {
			isa = PBXNativeTarget;
			buildConfigurationList = 1803D9992D93F2A000041374 /* Build configuration list for PBXNativeTarget "MacAppleSwiftUITutorials" */;
			buildPhases = (
				1803D9892D93F29E00041374 /* Sources */,
				1803D98A2D93F29E00041374 /* Frameworks */,
				1803D98B2D93F29E00041374 /* Resources */,
			);
			buildRules = (
			);
			dependencies = (
			);
			fileSystemSynchronizedGroups = (
				1803D98E2D93F29E00041374 /* MacAppleSwiftUITutorials */,
			);
			name = MacAppleSwiftUITutorials;
			packageProductDependencies = (
			);
			productName = MacAppleSwiftUITutorials;
			productReference = 1803D98D2D93F29E00041374 /* MacAppleSwiftUITutorials.app */;
			productType = "com.apple.product-type.application";
		};
		18D3A5302D8D8F9000C0810E /* AppleSwiftUITutorials */ = {
			isa = PBXNativeTarget;
			buildConfigurationList = 18D3A53F2D8D8F9200C0810E /* Build configuration list for PBXNativeTarget "AppleSwiftUITutorials" */;
			buildPhases = (
				18D3A52D2D8D8F9000C0810E /* Sources */,
				18D3A52E2D8D8F9000C0810E /* Frameworks */,
				18D3A52F2D8D8F9000C0810E /* Resources */,
				1803D96D2D93A9FB00041374 /* Embed Watch Content */,
			);
			buildRules = (
			);
			dependencies = (
				1803D96B2D93A9FB00041374 /* PBXTargetDependency */,
			);
			fileSystemSynchronizedGroups = (
				18D3A5332D8D8F9000C0810E /* AppleSwiftUITutorials */,
			);
			name = AppleSwiftUITutorials;
			packageProductDependencies = (
			);
			productName = AppleSwiftUITutorials;
			productReference = 18D3A5312D8D8F9000C0810E /* AppleSwiftUITutorials.app */;
			productType = "com.apple.product-type.application";
		};
/* End PBXNativeTarget section */

/* Begin PBXProject section */
		18D3A5292D8D8F9000C0810E /* Project object */ = {
			isa = PBXProject;
			attributes = {
				BuildIndependentTargetsInParallel = 1;
				LastSwiftUpdateCheck = 1620;
				LastUpgradeCheck = 1620;
				TargetAttributes = {
					1803D95E2D93A9F800041374 = {
						CreatedOnToolsVersion = 16.2;
					};
					1803D98C2D93F29E00041374 = {
						CreatedOnToolsVersion = 16.2;
					};
					18D3A5302D8D8F9000C0810E = {
						CreatedOnToolsVersion = 16.2;
					};
				};
			};
			buildConfigurationList = 18D3A52C2D8D8F9000C0810E /* Build configuration list for PBXProject "AppleSwiftUITutorials" */;
			developmentRegion = en;
			hasScannedForEncodings = 0;
			knownRegions = (
				en,
				Base,
			);
			mainGroup = 18D3A5282D8D8F9000C0810E;
			minimizedProjectReferenceProxies = 1;
			preferredProjectObjectVersion = 77;
			productRefGroup = 18D3A5322D8D8F9000C0810E /* Products */;
			projectDirPath = "";
			projectRoot = "";
			targets = (
				18D3A5302D8D8F9000C0810E /* AppleSwiftUITutorials */,
				1803D95E2D93A9F800041374 /* WatchAppleSwiftUITutorials Watch App */,
				1803D98C2D93F29E00041374 /* MacAppleSwiftUITutorials */,
			);
		};
/* End PBXProject section */

/* Begin PBXResourcesBuildPhase section */
		1803D95D2D93A9F800041374 /* Resources */ = {
			isa = PBXResourcesBuildPhase;
			buildActionMask = 2147483647;
			files = (
			);
			runOnlyForDeploymentPostprocessing = 0;
		};
		1803D98B2D93F29E00041374 /* Resources */ = {
			isa = PBXResourcesBuildPhase;
			buildActionMask = 2147483647;
			files = (
			);
			runOnlyForDeploymentPostprocessing = 0;
		};
		18D3A52F2D8D8F9000C0810E /* Resources */ = {
			isa = PBXResourcesBuildPhase;
			buildActionMask = 2147483647;
			files = (
			);
			runOnlyForDeploymentPostprocessing = 0;
		};
/* End PBXResourcesBuildPhase section */

/* Begin PBXSourcesBuildPhase section */
		1803D95B2D93A9F800041374 /* Sources */ = {
			isa = PBXSourcesBuildPhase;
			buildActionMask = 2147483647;
			files = (
			);
			runOnlyForDeploymentPostprocessing = 0;
		};
		1803D9892D93F29E00041374 /* Sources */ = {
			isa = PBXSourcesBuildPhase;
			buildActionMask = 2147483647;
			files = (
			);
			runOnlyForDeploymentPostprocessing = 0;
		};
		18D3A52D2D8D8F9000C0810E /* Sources */ = {
			isa = PBXSourcesBuildPhase;
			buildActionMask = 2147483647;
			files = (
			);
			runOnlyForDeploymentPostprocessing = 0;
		};
/* End PBXSourcesBuildPhase section */

/* Begin PBXTargetDependency section */
		1803D96B2D93A9FB00041374 /* PBXTargetDependency */ = {
			isa = PBXTargetDependency;
			target = 1803D95E2D93A9F800041374 /* WatchAppleSwiftUITutorials Watch App */;
			targetProxy = 1803D96A2D93A9FB00041374 /* PBXContainerItemProxy */;
		};
/* End PBXTargetDependency section */

/* Begin XCBuildConfiguration section */
		1803D96E2D93A9FB00041374 /* Debug */ = {
			isa = XCBuildConfiguration;
			buildSettings = {
				ASSETCATALOG_COMPILER_APPICON_NAME = AppIcon;
				ASSETCATALOG_COMPILER_GLOBAL_ACCENT_COLOR_NAME = AccentColor;
				CODE_SIGN_STYLE = Automatic;
				CURRENT_PROJECT_VERSION = 1;
				DEVELOPMENT_ASSET_PATHS = "\"WatchAppleSwiftUITutorials Watch App/Preview Content\"";
				DEVELOPMENT_TEAM = JQM76K3G2N;
				ENABLE_PREVIEWS = YES;
				GENERATE_INFOPLIST_FILE = YES;
				INFOPLIST_KEY_CFBundleDisplayName = WatchAppleSwiftUITutorials;
				INFOPLIST_KEY_UISupportedInterfaceOrientations = "UIInterfaceOrientationPortrait UIInterfaceOrientationPortraitUpsideDown";
				INFOPLIST_KEY_WKCompanionAppBundleIdentifier = com.whaley.demo.AppleSwiftUITutorials;
				INFOPLIST_KEY_WKRunsIndependentlyOfCompanionApp = YES;
				LD_RUNPATH_SEARCH_PATHS = (
					"$(inherited)",
					"@executable_path/Frameworks",
				);
				MARKETING_VERSION = 1.0;
				PRODUCT_BUNDLE_IDENTIFIER = com.whaley.demo.AppleSwiftUITutorials.watchkitapp;
				PRODUCT_NAME = "$(TARGET_NAME)";
				SDKROOT = watchos;
				SKIP_INSTALL = YES;
				SWIFT_EMIT_LOC_STRINGS = YES;
				SWIFT_VERSION = 5.0;
				TARGETED_DEVICE_FAMILY = 4;
				WATCHOS_DEPLOYMENT_TARGET = 11.2;
			};
			name = Debug;
		};
		1803D96F2D93A9FB00041374 /* Release */ = {
			isa = XCBuildConfiguration;
			buildSettings = {
				ASSETCATALOG_COMPILER_APPICON_NAME = AppIcon;
				ASSETCATALOG_COMPILER_GLOBAL_ACCENT_COLOR_NAME = AccentColor;
				CODE_SIGN_STYLE = Automatic;
				CURRENT_PROJECT_VERSION = 1;
				DEVELOPMENT_ASSET_PATHS = "\"WatchAppleSwiftUITutorials Watch App/Preview Content\"";
				DEVELOPMENT_TEAM = JQM76K3G2N;
				ENABLE_PREVIEWS = YES;
				GENERATE_INFOPLIST_FILE = YES;
				INFOPLIST_KEY_CFBundleDisplayName = WatchAppleSwiftUITutorials;
				INFOPLIST_KEY_UISupportedInterfaceOrientations = "UIInterfaceOrientationPortrait UIInterfaceOrientationPortraitUpsideDown";
				INFOPLIST_KEY_WKCompanionAppBundleIdentifier = com.whaley.demo.AppleSwiftUITutorials;
				INFOPLIST_KEY_WKRunsIndependentlyOfCompanionApp = YES;
				LD_RUNPATH_SEARCH_PATHS = (
					"$(inherited)",
					"@executable_path/Frameworks",
				);
				MARKETING_VERSION = 1.0;
				PRODUCT_BUNDLE_IDENTIFIER = com.whaley.demo.AppleSwiftUITutorials.watchkitapp;
				PRODUCT_NAME = "$(TARGET_NAME)";
				SDKROOT = watchos;
				SKIP_INSTALL = YES;
				SWIFT_EMIT_LOC_STRINGS = YES;
				SWIFT_VERSION = 5.0;
				TARGETED_DEVICE_FAMILY = 4;
				WATCHOS_DEPLOYMENT_TARGET = 11.2;
			};
			name = Release;
		};
		1803D99A2D93F2A000041374 /* Debug */ = {
			isa = XCBuildConfiguration;
			buildSettings = {
				ASSETCATALOG_COMPILER_APPICON_NAME = AppIcon;
				ASSETCATALOG_COMPILER_GLOBAL_ACCENT_COLOR_NAME = AccentColor;
				CODE_SIGN_ENTITLEMENTS = MacAppleSwiftUITutorials/MacAppleSwiftUITutorials.entitlements;
				CODE_SIGN_STYLE = Automatic;
				COMBINE_HIDPI_IMAGES = YES;
				CURRENT_PROJECT_VERSION = 1;
				DEVELOPMENT_ASSET_PATHS = "\"MacAppleSwiftUITutorials/Preview Content\"";
				DEVELOPMENT_TEAM = JQM76K3G2N;
				ENABLE_HARDENED_RUNTIME = YES;
				ENABLE_PREVIEWS = YES;
				GENERATE_INFOPLIST_FILE = YES;
				INFOPLIST_KEY_NSHumanReadableCopyright = "";
				LD_RUNPATH_SEARCH_PATHS = (
					"$(inherited)",
					"@executable_path/../Frameworks",
				);
				MACOSX_DEPLOYMENT_TARGET = 15.2;
				MARKETING_VERSION = 1.0;
				PRODUCT_BUNDLE_IDENTIFIER = com.whaley.demo.MacAppleSwiftUITutorials;
				PRODUCT_NAME = "$(TARGET_NAME)";
				SDKROOT = macosx;
				SWIFT_EMIT_LOC_STRINGS = YES;
				SWIFT_VERSION = 5.0;
			};
			name = Debug;
		};
		1803D99B2D93F2A000041374 /* Release */ = {
			isa = XCBuildConfiguration;
			buildSettings = {
				ASSETCATALOG_COMPILER_APPICON_NAME = AppIcon;
				ASSETCATALOG_COMPILER_GLOBAL_ACCENT_COLOR_NAME = AccentColor;
				CODE_SIGN_ENTITLEMENTS = MacAppleSwiftUITutorials/MacAppleSwiftUITutorials.entitlements;
				CODE_SIGN_STYLE = Automatic;
				COMBINE_HIDPI_IMAGES = YES;
				CURRENT_PROJECT_VERSION = 1;
				DEVELOPMENT_ASSET_PATHS = "\"MacAppleSwiftUITutorials/Preview Content\"";
				DEVELOPMENT_TEAM = JQM76K3G2N;
				ENABLE_HARDENED_RUNTIME = YES;
				ENABLE_PREVIEWS = YES;
				GENERATE_INFOPLIST_FILE = YES;
				INFOPLIST_KEY_NSHumanReadableCopyright = "";
				LD_RUNPATH_SEARCH_PATHS = (
					"$(inherited)",
					"@executable_path/../Frameworks",
				);
				MACOSX_DEPLOYMENT_TARGET = 15.2;
				MARKETING_VERSION = 1.0;
				PRODUCT_BUNDLE_IDENTIFIER = com.whaley.demo.MacAppleSwiftUITutorials;
				PRODUCT_NAME = "$(TARGET_NAME)";
				SDKROOT = macosx;
				SWIFT_EMIT_LOC_STRINGS = YES;
				SWIFT_VERSION = 5.0;
			};
			name = Release;
		};
		18D3A53D2D8D8F9200C0810E /* Debug */ = {
			isa = XCBuildConfiguration;
			buildSettings = {
				ALWAYS_SEARCH_USER_PATHS = NO;
				ASSETCATALOG_COMPILER_GENERATE_SWIFT_ASSET_SYMBOL_EXTENSIONS = YES;
				CLANG_ANALYZER_NONNULL = YES;
				CLANG_ANALYZER_NUMBER_OBJECT_CONVERSION = YES_AGGRESSIVE;
				CLANG_CXX_LANGUAGE_STANDARD = "gnu++20";
				CLANG_ENABLE_MODULES = YES;
				CLANG_ENABLE_OBJC_ARC = YES;
				CLANG_ENABLE_OBJC_WEAK = YES;
				CLANG_WARN_BLOCK_CAPTURE_AUTORELEASING = YES;
				CLANG_WARN_BOOL_CONVERSION = YES;
				CLANG_WARN_COMMA = YES;
				CLANG_WARN_CONSTANT_CONVERSION = YES;
				CLANG_WARN_DEPRECATED_OBJC_IMPLEMENTATIONS = YES;
				CLANG_WARN_DIRECT_OBJC_ISA_USAGE = YES_ERROR;
				CLANG_WARN_DOCUMENTATION_COMMENTS = YES;
				CLANG_WARN_EMPTY_BODY = YES;
				CLANG_WARN_ENUM_CONVERSION = YES;
				CLANG_WARN_INFINITE_RECURSION = YES;
				CLANG_WARN_INT_CONVERSION = YES;
				CLANG_WARN_NON_LITERAL_NULL_CONVERSION = YES;
				CLANG_WARN_OBJC_IMPLICIT_RETAIN_SELF = YES;
				CLANG_WARN_OBJC_LITERAL_CONVERSION = YES;
				CLANG_WARN_OBJC_ROOT_CLASS = YES_ERROR;
				CLANG_WARN_QUOTED_INCLUDE_IN_FRAMEWORK_HEADER = YES;
				CLANG_WARN_RANGE_LOOP_ANALYSIS = YES;
				CLANG_WARN_STRICT_PROTOTYPES = YES;
				CLANG_WARN_SUSPICIOUS_MOVE = YES;
				CLANG_WARN_UNGUARDED_AVAILABILITY = YES_AGGRESSIVE;
				CLANG_WARN_UNREACHABLE_CODE = YES;
				CLANG_WARN__DUPLICATE_METHOD_MATCH = YES;
				COPY_PHASE_STRIP = NO;
				DEBUG_INFORMATION_FORMAT = dwarf;
				ENABLE_STRICT_OBJC_MSGSEND = YES;
				ENABLE_TESTABILITY = YES;
				ENABLE_USER_SCRIPT_SANDBOXING = YES;
				GCC_C_LANGUAGE_STANDARD = gnu17;
				GCC_DYNAMIC_NO_PIC = NO;
				GCC_NO_COMMON_BLOCKS = YES;
				GCC_OPTIMIZATION_LEVEL = 0;
				GCC_PREPROCESSOR_DEFINITIONS = (
					"DEBUG=1",
					"$(inherited)",
				);
				GCC_WARN_64_TO_32_BIT_CONVERSION = YES;
				GCC_WARN_ABOUT_RETURN_TYPE = YES_ERROR;
				GCC_WARN_UNDECLARED_SELECTOR = YES;
				GCC_WARN_UNINITIALIZED_AUTOS = YES_AGGRESSIVE;
				GCC_WARN_UNUSED_FUNCTION = YES;
				GCC_WARN_UNUSED_VARIABLE = YES;
				IPHONEOS_DEPLOYMENT_TARGET = 18.2;
				LOCALIZATION_PREFERS_STRING_CATALOGS = YES;
				MTL_ENABLE_DEBUG_INFO = INCLUDE_SOURCE;
				MTL_FAST_MATH = YES;
				ONLY_ACTIVE_ARCH = YES;
				SDKROOT = iphoneos;
				SWIFT_ACTIVE_COMPILATION_CONDITIONS = "DEBUG $(inherited)";
				SWIFT_OPTIMIZATION_LEVEL = "-Onone";
			};
			name = Debug;
		};
		18D3A53E2D8D8F9200C0810E /* Release */ = {
			isa = XCBuildConfiguration;
			buildSettings = {
				ALWAYS_SEARCH_USER_PATHS = NO;
				ASSETCATALOG_COMPILER_GENERATE_SWIFT_ASSET_SYMBOL_EXTENSIONS = YES;
				CLANG_ANALYZER_NONNULL = YES;
				CLANG_ANALYZER_NUMBER_OBJECT_CONVERSION = YES_AGGRESSIVE;
				CLANG_CXX_LANGUAGE_STANDARD = "gnu++20";
				CLANG_ENABLE_MODULES = YES;
				CLANG_ENABLE_OBJC_ARC = YES;
				CLANG_ENABLE_OBJC_WEAK = YES;
				CLANG_WARN_BLOCK_CAPTURE_AUTORELEASING = YES;
				CLANG_WARN_BOOL_CONVERSION = YES;
				CLANG_WARN_COMMA = YES;
				CLANG_WARN_CONSTANT_CONVERSION = YES;
				CLANG_WARN_DEPRECATED_OBJC_IMPLEMENTATIONS = YES;
				CLANG_WARN_DIRECT_OBJC_ISA_USAGE = YES_ERROR;
				CLANG_WARN_DOCUMENTATION_COMMENTS = YES;
				CLANG_WARN_EMPTY_BODY = YES;
				CLANG_WARN_ENUM_CONVERSION = YES;
				CLANG_WARN_INFINITE_RECURSION = YES;
				CLANG_WARN_INT_CONVERSION = YES;
				CLANG_WARN_NON_LITERAL_NULL_CONVERSION = YES;
				CLANG_WARN_OBJC_IMPLICIT_RETAIN_SELF = YES;
				CLANG_WARN_OBJC_LITERAL_CONVERSION = YES;
				CLANG_WARN_OBJC_ROOT_CLASS = YES_ERROR;
				CLANG_WARN_QUOTED_INCLUDE_IN_FRAMEWORK_HEADER = YES;
				CLANG_WARN_RANGE_LOOP_ANALYSIS = YES;
				CLANG_WARN_STRICT_PROTOTYPES = YES;
				CLANG_WARN_SUSPICIOUS_MOVE = YES;
				CLANG_WARN_UNGUARDED_AVAILABILITY = YES_AGGRESSIVE;
				CLANG_WARN_UNREACHABLE_CODE = YES;
				CLANG_WARN__DUPLICATE_METHOD_MATCH = YES;
				COPY_PHASE_STRIP = NO;
				DEBUG_INFORMATION_FORMAT = "dwarf-with-dsym";
				ENABLE_NS_ASSERTIONS = NO;
				ENABLE_STRICT_OBJC_MSGSEND = YES;
				ENABLE_USER_SCRIPT_SANDBOXING = YES;
				GCC_C_LANGUAGE_STANDARD = gnu17;
				GCC_NO_COMMON_BLOCKS = YES;
				GCC_WARN_64_TO_32_BIT_CONVERSION = YES;
				GCC_WARN_ABOUT_RETURN_TYPE = YES_ERROR;
				GCC_WARN_UNDECLARED_SELECTOR = YES;
				GCC_WARN_UNINITIALIZED_AUTOS = YES_AGGRESSIVE;
				GCC_WARN_UNUSED_FUNCTION = YES;
				GCC_WARN_UNUSED_VARIABLE = YES;
				IPHONEOS_DEPLOYMENT_TARGET = 18.2;
				LOCALIZATION_PREFERS_STRING_CATALOGS = YES;
				MTL_ENABLE_DEBUG_INFO = NO;
				MTL_FAST_MATH = YES;
				SDKROOT = iphoneos;
				SWIFT_COMPILATION_MODE = wholemodule;
				VALIDATE_PRODUCT = YES;
			};
			name = Release;
		};
		18D3A5402D8D8F9200C0810E /* Debug */ = {
			isa = XCBuildConfiguration;
			buildSettings = {
				ASSETCATALOG_COMPILER_APPICON_NAME = AppIcon;
				ASSETCATALOG_COMPILER_GLOBAL_ACCENT_COLOR_NAME = AccentColor;
				CODE_SIGN_STYLE = Automatic;
				CURRENT_PROJECT_VERSION = 1;
				DEVELOPMENT_ASSET_PATHS = "\"AppleSwiftUITutorials/Preview Content\"";
				DEVELOPMENT_TEAM = JQM76K3G2N;
				ENABLE_PREVIEWS = YES;
				GENERATE_INFOPLIST_FILE = YES;
				INFOPLIST_KEY_UIApplicationSceneManifest_Generation = YES;
				INFOPLIST_KEY_UIApplicationSupportsIndirectInputEvents = YES;
				INFOPLIST_KEY_UILaunchScreen_Generation = YES;
				INFOPLIST_KEY_UISupportedInterfaceOrientations_iPad = "UIInterfaceOrientationPortrait UIInterfaceOrientationPortraitUpsideDown UIInterfaceOrientationLandscapeLeft UIInterfaceOrientationLandscapeRight";
				INFOPLIST_KEY_UISupportedInterfaceOrientations_iPhone = "UIInterfaceOrientationPortrait UIInterfaceOrientationLandscapeLeft UIInterfaceOrientationLandscapeRight";
				LD_RUNPATH_SEARCH_PATHS = (
					"$(inherited)",
					"@executable_path/Frameworks",
				);
				MARKETING_VERSION = 1.0;
				PRODUCT_BUNDLE_IDENTIFIER = com.whaley.demo.AppleSwiftUITutorials;
				PRODUCT_NAME = "$(TARGET_NAME)";
				SUPPORTED_PLATFORMS = "iphoneos iphonesimulator";
				SUPPORTS_MACCATALYST = NO;
				SUPPORTS_MAC_DESIGNED_FOR_IPHONE_IPAD = NO;
				SUPPORTS_XR_DESIGNED_FOR_IPHONE_IPAD = NO;
				SWIFT_EMIT_LOC_STRINGS = YES;
				SWIFT_VERSION = 5.0;
				TARGETED_DEVICE_FAMILY = "1,2";
			};
			name = Debug;
		};
		18D3A5412D8D8F9200C0810E /* Release */ = {
			isa = XCBuildConfiguration;
			buildSettings = {
				ASSETCATALOG_COMPILER_APPICON_NAME = AppIcon;
				ASSETCATALOG_COMPILER_GLOBAL_ACCENT_COLOR_NAME = AccentColor;
				CODE_SIGN_STYLE = Automatic;
				CURRENT_PROJECT_VERSION = 1;
				DEVELOPMENT_ASSET_PATHS = "\"AppleSwiftUITutorials/Preview Content\"";
				DEVELOPMENT_TEAM = JQM76K3G2N;
				ENABLE_PREVIEWS = YES;
				GENERATE_INFOPLIST_FILE = YES;
				INFOPLIST_KEY_UIApplicationSceneManifest_Generation = YES;
				INFOPLIST_KEY_UIApplicationSupportsIndirectInputEvents = YES;
				INFOPLIST_KEY_UILaunchScreen_Generation = YES;
				INFOPLIST_KEY_UISupportedInterfaceOrientations_iPad = "UIInterfaceOrientationPortrait UIInterfaceOrientationPortraitUpsideDown UIInterfaceOrientationLandscapeLeft UIInterfaceOrientationLandscapeRight";
				INFOPLIST_KEY_UISupportedInterfaceOrientations_iPhone = "UIInterfaceOrientationPortrait UIInterfaceOrientationLandscapeLeft UIInterfaceOrientationLandscapeRight";
				LD_RUNPATH_SEARCH_PATHS = (
					"$(inherited)",
					"@executable_path/Frameworks",
				);
				MARKETING_VERSION = 1.0;
				PRODUCT_BUNDLE_IDENTIFIER = com.whaley.demo.AppleSwiftUITutorials;
				PRODUCT_NAME = "$(TARGET_NAME)";
				SUPPORTED_PLATFORMS = "iphoneos iphonesimulator";
				SUPPORTS_MACCATALYST = NO;
				SUPPORTS_MAC_DESIGNED_FOR_IPHONE_IPAD = NO;
				SUPPORTS_XR_DESIGNED_FOR_IPHONE_IPAD = NO;
				SWIFT_EMIT_LOC_STRINGS = YES;
				SWIFT_VERSION = 5.0;
				TARGETED_DEVICE_FAMILY = "1,2";
			};
			name = Release;
		};
/* End XCBuildConfiguration section */

/* Begin XCConfigurationList section */
		1803D9702D93A9FB00041374 /* Build configuration list for PBXNativeTarget "WatchAppleSwiftUITutorials Watch App" */ = {
			isa = XCConfigurationList;
			buildConfigurations = (
				1803D96E2D93A9FB00041374 /* Debug */,
				1803D96F2D93A9FB00041374 /* Release */,
			);
			defaultConfigurationIsVisible = 0;
			defaultConfigurationName = Release;
		};
		1803D9992D93F2A000041374 /* Build configuration list for PBXNativeTarget "MacAppleSwiftUITutorials" */ = {
			isa = XCConfigurationList;
			buildConfigurations = (
				1803D99A2D93F2A000041374 /* Debug */,
				1803D99B2D93F2A000041374 /* Release */,
			);
			defaultConfigurationIsVisible = 0;
			defaultConfigurationName = Release;
		};
		18D3A52C2D8D8F9000C0810E /* Build configuration list for PBXProject "AppleSwiftUITutorials" */ = {
			isa = XCConfigurationList;
			buildConfigurations = (
				18D3A53D2D8D8F9200C0810E /* Debug */,
				18D3A53E2D8D8F9200C0810E /* Release */,
			);
			defaultConfigurationIsVisible = 0;
			defaultConfigurationName = Release;
		};
		18D3A53F2D8D8F9200C0810E /* Build configuration list for PBXNativeTarget "AppleSwiftUITutorials" */ = {
			isa = XCConfigurationList;
			buildConfigurations = (
				18D3A5402D8D8F9200C0810E /* Debug */,
				18D3A5412D8D8F9200C0810E /* Release */,
			);
			defaultConfigurationIsVisible = 0;
			defaultConfigurationName = Release;
		};
/* End XCConfigurationList section */
	};
	rootObject = 18D3A5292D8D8F9000C0810E /* Project object */;
}
